{
    "_readme": [
        "This file locks the dependencies of your project to a known state",
        "Read more about it at https://getcomposer.org/doc/01-basic-usage.md#installing-dependencies",
        "This file is @generated automatically"
    ],
    "content-hash": "ec40747890749211a592f1107eaa2e97",
    "packages": [
        {
            "name": "willybahuaud/gaitcha",
            "version": "v0.5.1",
            "source": {
                "type": "git",
                "url": "https://github.com/willybahuaud/gaitcha.git",
                "reference": "0d425c2ce0324191fb926edf81bae19cced77ba5"
            },
            "dist": {
                "type": "zip",
                "url": "https://api.github.com/repos/willybahuaud/gaitcha/zipball/0d425c2ce0324191fb926edf81bae19cced77ba5",
                "reference": "0d425c2ce0324191fb926edf81bae19cced77ba5",
                "shasum": ""
            },
            "require": {
                "php": ">=7.4"
            },
            "require-dev": {
                "phpunit/phpunit": "^9.6"
            },
            "type": "library",
            "autoload": {
                "psr-4": {
                    "Gaitcha\\": "src/php/"
                }
            },
            "notification-url": "https://packagist.org/downloads/",
            "license": [
                "GPL-2.0-or-later"
            ],
            "authors": [
                {
                    "name": "Willy Bahuaud",
                    "homepage": "https://wabeo.fr",
                    "role": "WordPress Architect"
                }
            ],
            "description": "Frictionless, self-hosted CAPTCHA combining behavioral analysis, random field names, and HMAC tokens.",
            "support": {
                "issues": "https://github.com/willybahuaud/gaitcha/issues",
                "source": "https://github.com/willybahuaud/gaitcha/tree/v0.5.1"
            },
            "time": "2026-03-09T11:03:03+00:00"
        }
    ],
    "packages-dev": [],
    "aliases": [],
    "minimum-stability": "stable",
    "stability-flags": {},
    "prefer-stable": false,
    "prefer-lowest": false,
    "platform": {
        "php": ">=7.4"
    },
    "platform-dev": {},
    "plugin-api-version": "2.9.0"
}
